
Microsoft Visual Studio Solution File, Format Version 12.00
# Visual Studio Version 17
VisualStudioVersion = 17.14.36221.1
MinimumVisualStudioVersion = 10.0.40219.1
Project("{FAE04EC0-301F-11D3-BF4B-00C04F79EFBC}") = "aprendiendoPOO", "POO_Ejercicio1\aprendiendoPOO.csproj", "{B62D66F1-EAD0-4B2F-86B3-80F8721B16E6}"
EndProject
Global
	GlobalSection(SolutionConfigurationPlatforms) = preSolution
		Debug|Any CPU = Debug|Any CPU
		Release|Any CPU = Release|Any CPU
	EndGlobalSection
	GlobalSection(ProjectConfigurationPlatforms) = postSolution
		{B62D66F1-EAD0-4B2F-86B3-80F8721B16E6}.Debug|Any CPU.ActiveCfg = Debug|Any CPU
		{B62D66F1-EAD0-4B2F-86B3-80F8721B16E6}.Debug|Any CPU.Build.0 = Debug|Any CPU
		{B62D66F1-EAD0-4B2F-86B3-80F8721B16E6}.Release|Any CPU.ActiveCfg = Release|Any CPU
		{B62D66F1-EAD0-4B2F-86B3-80F8721B16E6}.Release|Any CPU.Build.0 = Release|Any CPU
	EndGlobalSection
	GlobalSection(SolutionProperties) = preSolution
		HideSolutionNode = FALSE
	EndGlobalSection
	GlobalSection(ExtensibilityGlobals) = postSolution
		SolutionGuid = {B2F8C45D-CCC9-425C-9508-464969005BA6}
	EndGlobalSection
EndGlobal
